lockfileVersion: '6.0'

settings:
  autoInstallPeers: true
  excludeLinksFromLockfile: false

dependencies:
  ms:
    specifier: ^2.0.0
    version: registry.npmjs.org/ms@2.0.0

devDependencies:
  '@rollup/plugin-commonjs':
    specifier: ^11.0.1
    version: registry.npmjs.org/@rollup/plugin-commonjs@11.0.1(rollup@1.29.0)
  '@rollup/plugin-node-resolve':
    specifier: ^7.0.0
    version: registry.npmjs.org/@rollup/plugin-node-resolve@7.0.0(rollup@1.29.0)
  '@rollup/plugin-typescript':
    specifier: ^11.1.2
    version: registry.npmjs.org/@rollup/plugin-typescript@11.1.2(rollup@1.29.0)(tslib@2.6.0)(typescript@5.1.6)
  rollup:
    specifier: ^1.29.0
    version: registry.npmjs.org/rollup@1.29.0
  tslib:
    specifier: ^2.6.0
    version: registry.npmjs.org/tslib@2.6.0
  typescript:
    specifier: ^5.1.6
    version: registry.npmjs.org/typescript@5.1.6

packages:

  registry.npmjs.org/@rollup/plugin-commonjs@11.0.1(rollup@1.29.0):
    resolution: {integrity: sha512-SaVUoaLDg3KnIXC5IBNIspr1APTYDzk05VaYcI6qz+0XX3ZlSCwAkfAhNSOxfd5GAdcm/63Noi4TowOY9MpcDg==, registry: https://registry.npmjs.com/, tarball: https://registry.npmjs.org/@rollup/plugin-commonjs/-/plugin-commonjs-11.0.1.tgz}
    id: registry.npmjs.org/@rollup/plugin-commonjs/11.0.1
    name: '@rollup/plugin-commonjs'
    version: 11.0.1
    engines: {node: '>= 8.0.0'}
    peerDependencies:
      rollup: ^1.20.0
    dependencies:
      '@rollup/pluginutils': registry.npmjs.org/@rollup/pluginutils@3.1.0(rollup@1.29.0)
      estree-walker: registry.npmjs.org/estree-walker@0.6.1
      is-reference: registry.npmjs.org/is-reference@1.2.1
      magic-string: registry.npmjs.org/magic-string@0.25.9
      resolve: registry.npmjs.org/resolve@1.22.2
      rollup: registry.npmjs.org/rollup@1.29.0
    dev: true

  registry.npmjs.org/@rollup/plugin-node-resolve@7.0.0(rollup@1.29.0):
    resolution: {integrity: sha512-+vOx2+WMBMFotYKM3yYeDGZxIvcQ7yO4g+SuKDFsjKaq8Lw3EPgfB6qNlp8Z/3ceDCEhHvC9/b+PgBGwDQGbzQ==, registry: https://registry.npmjs.com/, tarball: https://registry.npmjs.org/@rollup/plugin-node-resolve/-/plugin-node-resolve-7.0.0.tgz}
    id: registry.npmjs.org/@rollup/plugin-node-resolve/7.0.0
    name: '@rollup/plugin-node-resolve'
    version: 7.0.0
    engines: {node: '>= 8.0.0'}
    peerDependencies:
      rollup: ^1.20.0
    dependencies:
      '@rollup/pluginutils': registry.npmjs.org/@rollup/pluginutils@3.1.0(rollup@1.29.0)
      '@types/resolve': registry.npmjs.org/@types/resolve@0.0.8
      builtin-modules: registry.npmjs.org/builtin-modules@3.3.0
      is-module: registry.npmjs.org/is-module@1.0.0
      resolve: registry.npmjs.org/resolve@1.22.2
      rollup: registry.npmjs.org/rollup@1.29.0
    dev: true

  registry.npmjs.org/@rollup/plugin-typescript@11.1.2(rollup@1.29.0)(tslib@2.6.0)(typescript@5.1.6):
    resolution: {integrity: sha512-0ghSOCMcA7fl1JM+0gYRf+Q/HWyg+zg7/gDSc+fRLmlJWcW5K1I+CLRzaRhXf4Y3DRyPnnDo4M2ktw+a6JcDEg==, registry: https://registry.npmjs.com/, tarball: https://registry.npmjs.org/@rollup/plugin-typescript/-/plugin-typescript-11.1.2.tgz}
    id: registry.npmjs.org/@rollup/plugin-typescript/11.1.2
    name: '@rollup/plugin-typescript'
    version: 11.1.2
    engines: {node: '>=14.0.0'}
    peerDependencies:
      rollup: ^2.14.0||^3.0.0
      tslib: '*'
      typescript: '>=3.7.0'
    peerDependenciesMeta:
      rollup:
        optional: true
      tslib:
        optional: true
    dependencies:
      '@rollup/pluginutils': registry.npmjs.org/@rollup/pluginutils@5.0.2(rollup@1.29.0)
      resolve: registry.npmjs.org/resolve@1.22.2
      rollup: registry.npmjs.org/rollup@1.29.0
      tslib: registry.npmjs.org/tslib@2.6.0
      typescript: registry.npmjs.org/typescript@5.1.6
    dev: true

  registry.npmjs.org/@rollup/pluginutils@3.1.0(rollup@1.29.0):
    resolution: {integrity: sha512-GksZ6pr6TpIjHm8h9lSQ8pi8BE9VeubNT0OMJ3B5uZJ8pz73NPiqOtCog/x2/QzM1ENChPKxMDhiQuRHsqc+lg==, registry: https://registry.npmjs.com/, tarball: https://registry.npmjs.org/@rollup/pluginutils/-/pluginutils-3.1.0.tgz}
    id: registry.npmjs.org/@rollup/pluginutils/3.1.0
    name: '@rollup/pluginutils'
    version: 3.1.0
    engines: {node: '>= 8.0.0'}
    peerDependencies:
      rollup: ^1.20.0||^2.0.0
    dependencies:
      '@types/estree': registry.npmjs.org/@types/estree@0.0.39
      estree-walker: registry.npmjs.org/estree-walker@1.0.1
      picomatch: registry.npmjs.org/picomatch@2.3.1
      rollup: registry.npmjs.org/rollup@1.29.0
    dev: true

  registry.npmjs.org/@rollup/pluginutils@5.0.2(rollup@1.29.0):
    resolution: {integrity: sha512-pTd9rIsP92h+B6wWwFbW8RkZv4hiR/xKsqre4SIuAOaOEQRxi0lqLke9k2/7WegC85GgUs9pjmOjCUi3In4vwA==, registry: https://registry.npmjs.com/, tarball: https://registry.npmjs.org/@rollup/pluginutils/-/pluginutils-5.0.2.tgz}
    id: registry.npmjs.org/@rollup/pluginutils/5.0.2
    name: '@rollup/pluginutils'
    version: 5.0.2
    engines: {node: '>=14.0.0'}
    peerDependencies:
      rollup: ^1.20.0||^2.0.0||^3.0.0
    peerDependenciesMeta:
      rollup:
        optional: true
    dependencies:
      '@types/estree': registry.npmjs.org/@types/estree@1.0.1
      estree-walker: registry.npmjs.org/estree-walker@2.0.2
      picomatch: registry.npmjs.org/picomatch@2.3.1
      rollup: registry.npmjs.org/rollup@1.29.0
    dev: true

  registry.npmjs.org/@types/estree@0.0.39:
    resolution: {integrity: sha512-EYNwp3bU+98cpU4lAWYYL7Zz+2gryWH1qbdDTidVd6hkiR6weksdbMadyXKXNPEkQFhXM+hVO9ZygomHXp+AIw==, registry: https://registry.npmjs.com/, tarball: https://registry.npmjs.org/@types/estree/-/estree-0.0.39.tgz}
    name: '@types/estree'
    version: 0.0.39
    dev: true

  registry.npmjs.org/@types/estree@1.0.1:
    resolution: {integrity: sha512-LG4opVs2ANWZ1TJoKc937iMmNstM/d0ae1vNbnBvBhqCSezgVUOzcLCqbI5elV8Vy6WKwKjaqR+zO9VKirBBCA==, registry: https://registry.npmjs.com/, tarball: https://registry.npmjs.org/@types/estree/-/estree-1.0.1.tgz}
    name: '@types/estree'
    version: 1.0.1
    dev: true

  registry.npmjs.org/@types/node@20.4.2:
    resolution: {integrity: sha512-Dd0BYtWgnWJKwO1jkmTrzofjK2QXXcai0dmtzvIBhcA+RsG5h8R3xlyta0kGOZRNfL9GuRtb1knmPEhQrePCEw==, registry: https://registry.npmjs.com/, tarball: https://registry.npmjs.org/@types/node/-/node-20.4.2.tgz}
    name: '@types/node'
    version: 20.4.2
    dev: true

  registry.npmjs.org/@types/resolve@0.0.8:
    resolution: {integrity: sha512-auApPaJf3NPfe18hSoJkp8EbZzer2ISk7o8mCC3M9he/a04+gbMF97NkpD2S8riMGvm4BMRI59/SZQSaLTKpsQ==, registry: https://registry.npmjs.com/, tarball: https://registry.npmjs.org/@types/resolve/-/resolve-0.0.8.tgz}
    name: '@types/resolve'
    version: 0.0.8
    dependencies:
      '@types/node': registry.npmjs.org/@types/node@20.4.2
    dev: true

  registry.npmjs.org/acorn@7.4.1:
    resolution: {integrity: sha512-nQyp0o1/mNdbTO1PO6kHkwSrmgZ0MT/jCCpNiwbUjGoRN4dlBhqJtoQuCnEOKzgTVwg0ZWiCoQy6SxMebQVh8A==, registry: https://registry.npmjs.com/, tarball: https://registry.npmjs.org/acorn/-/acorn-7.4.1.tgz}
    name: acorn
    version: 7.4.1
    engines: {node: '>=0.4.0'}
    hasBin: true
    dev: true

  registry.npmjs.org/builtin-modules@3.3.0:
    resolution: {integrity: sha512-zhaCDicdLuWN5UbN5IMnFqNMhNfo919sH85y2/ea+5Yg9TsTkeZxpL+JLbp6cgYFS4sRLp3YV4S6yDuqVWHYOw==, registry: https://registry.npmjs.com/, tarball: https://registry.npmjs.org/builtin-modules/-/builtin-modules-3.3.0.tgz}
    name: builtin-modules
    version: 3.3.0
    engines: {node: '>=6'}
    dev: true

  registry.npmjs.org/estree-walker@0.6.1:
    resolution: {integrity: sha512-SqmZANLWS0mnatqbSfRP5g8OXZC12Fgg1IwNtLsyHDzJizORW4khDfjPqJZsemPWBB2uqykUah5YpQ6epsqC/w==, registry: https://registry.npmjs.com/, tarball: https://registry.npmjs.org/estree-walker/-/estree-walker-0.6.1.tgz}
    name: estree-walker
    version: 0.6.1
    dev: true

  registry.npmjs.org/estree-walker@1.0.1:
    resolution: {integrity: sha512-1fMXF3YP4pZZVozF8j/ZLfvnR8NSIljt56UhbZ5PeeDmmGHpgpdwQt7ITlGvYaQukCvuBRMLEiKiYC+oeIg4cg==, registry: https://registry.npmjs.com/, tarball: https://registry.npmjs.org/estree-walker/-/estree-walker-1.0.1.tgz}
    name: estree-walker
    version: 1.0.1
    dev: true

  registry.npmjs.org/estree-walker@2.0.2:
    resolution: {integrity: sha512-Rfkk/Mp/DL7JVje3u18FxFujQlTNR2q6QfMSMB7AvCBx91NGj/ba3kCfza0f6dVDbw7YlRf/nDrn7pQrCCyQ/w==, registry: https://registry.npmjs.com/, tarball: https://registry.npmjs.org/estree-walker/-/estree-walker-2.0.2.tgz}
    name: estree-walker
    version: 2.0.2
    dev: true

  registry.npmjs.org/function-bind@1.1.1:
    resolution: {integrity: sha512-yIovAzMX49sF8Yl58fSCWJ5svSLuaibPxXQJFLmBObTuCr0Mf1KiPopGM9NiFjiYBCbfaa2Fh6breQ6ANVTI0A==, registry: https://registry.npmjs.com/, tarball: https://registry.npmjs.org/function-bind/-/function-bind-1.1.1.tgz}
    name: function-bind
    version: 1.1.1
    dev: true

  registry.npmjs.org/has@1.0.3:
    resolution: {integrity: sha512-f2dvO0VU6Oej7RkWJGrehjbzMAjFp5/VKPp5tTpWIV4JHHZK1/BxbFRtf/siA2SWTe09caDmVtYYzWEIbBS4zw==, registry: https://registry.npmjs.com/, tarball: https://registry.npmjs.org/has/-/has-1.0.3.tgz}
    name: has
    version: 1.0.3
    engines: {node: '>= 0.4.0'}
    dependencies:
      function-bind: registry.npmjs.org/function-bind@1.1.1
    dev: true

  registry.npmjs.org/is-core-module@2.12.1:
    resolution: {integrity: sha512-Q4ZuBAe2FUsKtyQJoQHlvP8OvBERxO3jEmy1I7hcRXcJBGGHFh/aJBswbXuS9sgrDH2QUO8ilkwNPHvHMd8clg==, registry: https://registry.npmjs.com/, tarball: https://registry.npmjs.org/is-core-module/-/is-core-module-2.12.1.tgz}
    name: is-core-module
    version: 2.12.1
    dependencies:
      has: registry.npmjs.org/has@1.0.3
    dev: true

  registry.npmjs.org/is-module@1.0.0:
    resolution: {integrity: sha512-51ypPSPCoTEIN9dy5Oy+h4pShgJmPCygKfyRCISBI+JoWT/2oJvK8QPxmwv7b/p239jXrm9M1mlQbyKJ5A152g==, registry: https://registry.npmjs.com/, tarball: https://registry.npmjs.org/is-module/-/is-module-1.0.0.tgz}
    name: is-module
    version: 1.0.0
    dev: true

  registry.npmjs.org/is-reference@1.2.1:
    resolution: {integrity: sha512-U82MsXXiFIrjCK4otLT+o2NA2Cd2g5MLoOVXUZjIOhLurrRxpEXzI8O0KZHr3IjLvlAH1kTPYSuqer5T9ZVBKQ==, registry: https://registry.npmjs.com/, tarball: https://registry.npmjs.org/is-reference/-/is-reference-1.2.1.tgz}
    name: is-reference
    version: 1.2.1
    dependencies:
      '@types/estree': registry.npmjs.org/@types/estree@1.0.1
    dev: true

  registry.npmjs.org/magic-string@0.25.9:
    resolution: {integrity: sha512-RmF0AsMzgt25qzqqLc1+MbHmhdx0ojF2Fvs4XnOqz2ZOBXzzkEwc/dJQZCYHAn7v1jbVOjAZfK8msRn4BxO4VQ==, registry: https://registry.npmjs.com/, tarball: https://registry.npmjs.org/magic-string/-/magic-string-0.25.9.tgz}
    name: magic-string
    version: 0.25.9
    dependencies:
      sourcemap-codec: registry.npmjs.org/sourcemap-codec@1.4.8
    dev: true

  registry.npmjs.org/ms@2.0.0:
    resolution: {integrity: sha512-Tpp60P6IUJDTuOq/5Z8cdskzJujfwqfOTkrwIwj7IRISpnkJnT6SyJ4PCPnGMoFjC9ddhal5KVIYtAt97ix05A==, registry: https://registry.npmjs.com/, tarball: https://registry.npmjs.org/ms/-/ms-2.0.0.tgz}
    name: ms
    version: 2.0.0
    dev: false

  registry.npmjs.org/path-parse@1.0.7:
    resolution: {integrity: sha512-LDJzPVEEEPR+y48z93A0Ed0yXb8pAByGWo/k5YYdYgpY2/2EsOsksJrq7lOHxryrVOn1ejG6oAp8ahvOIQD8sw==, registry: https://registry.npmjs.com/, tarball: https://registry.npmjs.org/path-parse/-/path-parse-1.0.7.tgz}
    name: path-parse
    version: 1.0.7
    dev: true

  registry.npmjs.org/picomatch@2.3.1:
    resolution: {integrity: sha512-JU3teHTNjmE2VCGFzuY8EXzCDVwEqB2a8fsIvwaStHhAWJEeVd1o1QD80CU6+ZdEXXSLbSsuLwJjkCBWqRQUVA==, registry: https://registry.npmjs.com/, tarball: https://registry.npmjs.org/picomatch/-/picomatch-2.3.1.tgz}
    name: picomatch
    version: 2.3.1
    engines: {node: '>=8.6'}
    dev: true

  registry.npmjs.org/resolve@1.22.2:
    resolution: {integrity: sha512-Sb+mjNHOULsBv818T40qSPeRiuWLyaGMa5ewydRLFimneixmVy2zdivRl+AF6jaYPC8ERxGDmFSiqui6SfPd+g==, registry: https://registry.npmjs.com/, tarball: https://registry.npmjs.org/resolve/-/resolve-1.22.2.tgz}
    name: resolve
    version: 1.22.2
    hasBin: true
    dependencies:
      is-core-module: registry.npmjs.org/is-core-module@2.12.1
      path-parse: registry.npmjs.org/path-parse@1.0.7
      supports-preserve-symlinks-flag: registry.npmjs.org/supports-preserve-symlinks-flag@1.0.0
    dev: true

  registry.npmjs.org/rollup@1.29.0:
    resolution: {integrity: sha512-V63Iz0dSdI5qPPN5HmCN6OBRzBFhMqNWcvwgq863JtSCTU6Vdvqq6S2fYle/dSCyoPrBkIP3EIr1RVs3HTRqqg==, registry: https://registry.npmjs.com/, tarball: https://registry.npmjs.org/rollup/-/rollup-1.29.0.tgz}
    name: rollup
    version: 1.29.0
    hasBin: true
    dependencies:
      '@types/estree': registry.npmjs.org/@types/estree@1.0.1
      '@types/node': registry.npmjs.org/@types/node@20.4.2
      acorn: registry.npmjs.org/acorn@7.4.1
    dev: true

  registry.npmjs.org/sourcemap-codec@1.4.8:
    resolution: {integrity: sha512-9NykojV5Uih4lgo5So5dtw+f0JgJX30KCNI8gwhz2J9A15wD0Ml6tjHKwf6fTSa6fAdVBdZeNOs9eJ71qCk8vA==, registry: https://registry.npmjs.com/, tarball: https://registry.npmjs.org/sourcemap-codec/-/sourcemap-codec-1.4.8.tgz}
    name: sourcemap-codec
    version: 1.4.8
    deprecated: Please use @jridgewell/sourcemap-codec instead
    dev: true

  registry.npmjs.org/supports-preserve-symlinks-flag@1.0.0:
    resolution: {integrity: sha512-ot0WnXS9fgdkgIcePe6RHNk1WA8+muPa6cSjeR3V8K27q9BB1rTE3R1p7Hv0z1ZyAc8s6Vvv8DIyWf681MAt0w==, registry: https://registry.npmjs.com/, tarball: https://registry.npmjs.org/supports-preserve-symlinks-flag/-/supports-preserve-symlinks-flag-1.0.0.tgz}
    name: supports-preserve-symlinks-flag
    version: 1.0.0
    engines: {node: '>= 0.4'}
    dev: true

  registry.npmjs.org/tslib@2.6.0:
    resolution: {integrity: sha512-7At1WUettjcSRHXCyYtTselblcHl9PJFFVKiCAy/bY97+BPZXSQ2wbq0P9s8tK2G7dFQfNnlJnPAiArVBVBsfA==, registry: https://registry.npmjs.com/, tarball: https://registry.npmjs.org/tslib/-/tslib-2.6.0.tgz}
    name: tslib
    version: 2.6.0
    dev: true

  registry.npmjs.org/typescript@5.1.6:
    resolution: {integrity: sha512-zaWCozRZ6DLEWAWFrVDz1H6FVXzUSfTy5FUMWsQlU8Ym5JP9eO4xkTIROFCQvhQf61z6O/G6ugw3SgAnvvm+HA==, registry: https://registry.npmjs.com/, tarball: https://registry.npmjs.org/typescript/-/typescript-5.1.6.tgz}
    name: typescript
    version: 5.1.6
    engines: {node: '>=14.17'}
    hasBin: true
    dev: true
